
Microsoft Visual Studio Solution File, Format Version 12.00
# Visual Studio Version 17
VisualStudioVersion = 17.4.33103.184
MinimumVisualStudioVersion = 10.0.40219.1
Project("{FAE04EC0-301F-11D3-BF4B-00C04F79EFBC}") = "WPF+MVVM", "WPF+MVVM\WPF+MVVM.csproj", "{0B10219E-E002-4DD6-B3E9-2BB7CDC5A086}"
EndProject
Global
	GlobalSection(SolutionConfigurationPlatforms) = preSolution
		Debug|Any CPU = Debug|Any CPU
		Release|Any CPU = Release|Any CPU
	EndGlobalSection
	GlobalSection(ProjectConfigurationPlatforms) = postSolution
		{0B10219E-E002-4DD6-B3E9-2BB7CDC5A086}.Debug|Any CPU.ActiveCfg = Debug|Any CPU
		{0B10219E-E002-4DD6-B3E9-2BB7CDC5A086}.Debug|Any CPU.Build.0 = Debug|Any CPU
		{0B10219E-E002-4DD6-B3E9-2BB7CDC5A086}.Release|Any CPU.ActiveCfg = Release|Any CPU
		{0B10219E-E002-4DD6-B3E9-2BB7CDC5A086}.Release|Any CPU.Build.0 = Release|Any CPU
	EndGlobalSection
	GlobalSection(SolutionProperties) = preSolution
		HideSolutionNode = FALSE
	EndGlobalSection
	GlobalSection(ExtensibilityGlobals) = postSolution
		SolutionGuid = {35654D81-DD29-442B-A137-A33D8EC7532B}
	EndGlobalSection
EndGlobal
